
Microsoft Visual Studio Solution File, Format Version 12.00
# Visual Studio Version 16
VisualStudioVersion = 16.0.31129.286
MinimumVisualStudioVersion = 10.0.40219.1
Project("{9A19103F-16F7-4668-BE54-9A1E7A4F7556}") = "LocadoraVeiculos.WindowsApp", "LocadoraVeiculos.WindowsApp\LocadoraVeiculos.WindowsApp.csproj", "{548F4EF2-E115-47BA-8C4A-53D69BE752B4}"
EndProject
Project("{2150E333-8FDC-42A3-9474-1A3956D46DE8}") = "src", "src", "{18FBCB73-8E48-40CB-871B-7553F21987FD}"
EndProject
Project("{2150E333-8FDC-42A3-9474-1A3956D46DE8}") = "tests", "tests", "{5D317F51-94F4-4EFB-8447-4E922987C72B}"
EndProject
Project("{00D1A9C2-B5F0-4AF3-8072-F6C62B433612}") = "LocadoraVeiculos.Database.SQLServer", "LocadoraVeiculos.Database.SQLServer\LocadoraVeiculos.Database.SQLServer.sqlproj", "{B323AC1C-0267-480A-8B30-C2355BDECED5}"
EndProject
Project("{9A19103F-16F7-4668-BE54-9A1E7A4F7556}") = "LocadoraVeiculos.netCore.Dominio", "LocadoraVeiculos.netCore.Dominio\LocadoraVeiculos.netCore.Dominio.csproj", "{7A27C930-EA12-45DA-8A1E-CA6A357170B0}"
EndProject
Project("{2150E333-8FDC-42A3-9474-1A3956D46DE8}") = "1 - Apresentação", "1 - Apresentação", "{F41662BE-C6D8-46AC-BA08-6B0289D576DD}"
EndProject
Project("{2150E333-8FDC-42A3-9474-1A3956D46DE8}") = "2 - Aplicação", "2 - Aplicação", "{FE044444-3355-47E2-ADE5-77F2EADD7BD9}"
EndProject
Project("{2150E333-8FDC-42A3-9474-1A3956D46DE8}") = "4 - Infraestrutura", "4 - Infraestrutura", "{B79FD61E-1A7F-40A7-A2E5-745627C33EBB}"
EndProject
Project("{2150E333-8FDC-42A3-9474-1A3956D46DE8}") = "3 - Domínio", "3 - Domínio", "{6DB813B3-425A-48BF-90EE-BF85E9CB70E5}"
EndProject
Project("{2150E333-8FDC-42A3-9474-1A3956D46DE8}") = "4.1 - DAO", "4.1 - DAO", "{8F3C2B36-6130-447A-AEE9-C8C153381FC0}"
EndProject
Project("{9A19103F-16F7-4668-BE54-9A1E7A4F7556}") = "LocadoraVeiculos.Aplicacao", "LocadoraVeiculos.Aplicacao\LocadoraVeiculos.Aplicacao.csproj", "{36842379-AEED-4235-A898-4F6EFF70D828}"
EndProject
Project("{2150E333-8FDC-42A3-9474-1A3956D46DE8}") = "5 - Banco de Dados", "5 - Banco de Dados", "{F2994EC2-9873-4336-A539-7099C0E0BDB6}"
EndProject
Project("{2150E333-8FDC-42A3-9474-1A3956D46DE8}") = "4.2 - External Services", "4.2 - External Services", "{CCF2B167-7631-4DE6-B76F-A3C7F0A1DBF4}"
EndProject
Project("{9A19103F-16F7-4668-BE54-9A1E7A4F7556}") = "LocadoraVeiculos.Infra.InternetServices", "LocadoraVeiculos.Infra.InternetServices\LocadoraVeiculos.Infra.InternetServices.csproj", "{0B846BA6-B9F6-4960-A5C7-F18896B98259}"
EndProject
Project("{9A19103F-16F7-4668-BE54-9A1E7A4F7556}") = "LocadoraVeiculos.Infra.ORM", "LocadoraVeiculos.Infra.ORM\LocadoraVeiculos.Infra.ORM.csproj", "{C8F70CCC-1048-4A1B-AE7B-B71191D059A1}"
EndProject
Project("{9A19103F-16F7-4668-BE54-9A1E7A4F7556}") = "LocadoraVeiculos.Infra.SQL", "LocadoraVeiculos.Infra.SQL\LocadoraVeiculos.Infra.SQL.csproj", "{D515950B-30B3-444E-B474-217C28A26D83}"
EndProject
Project("{2150E333-8FDC-42A3-9474-1A3956D46DE8}") = "4.3 - PDF", "4.3 - PDF", "{E9F76812-E677-44D0-81CD-4FAE8B0D664C}"
EndProject
Project("{9A19103F-16F7-4668-BE54-9A1E7A4F7556}") = "LocadoraVeiculos.Infra.PDF", "LocadoraVeiculos.Infra.PDF\LocadoraVeiculos.Infra.PDF.csproj", "{2E208DD9-D731-4CBA-B524-9943627F6C49}"
EndProject
Project("{2150E333-8FDC-42A3-9474-1A3956D46DE8}") = "1 - Data Builders", "1 - Data Builders", "{7E05FA31-C291-4265-861F-E3CB3834EFA2}"
EndProject
Project("{2150E333-8FDC-42A3-9474-1A3956D46DE8}") = "2 - Testes Unitários", "2 - Testes Unitários", "{CD178A3F-6C93-4122-A452-763A1DC407DF}"
EndProject
Project("{2150E333-8FDC-42A3-9474-1A3956D46DE8}") = "3 - Testes de Integração", "3 - Testes de Integração", "{FCF17715-1AAF-4A08-9AD5-1EFB58856105}"
EndProject
Project("{9A19103F-16F7-4668-BE54-9A1E7A4F7556}") = "LocadoraVeiculos.TestDataBuilders", "LocadoraVeiculos.TestDataBuilders\LocadoraVeiculos.TestDataBuilders.csproj", "{0DDDB418-E805-4A1E-A0A9-6726FE8AC943}"
EndProject
Project("{9A19103F-16F7-4668-BE54-9A1E7A4F7556}") = "LocadoraVeiculos.UnitTests", "LocadoraVeiculos.UnitTests\LocadoraVeiculos.UnitTests.csproj", "{B0F522F0-5461-4083-BC10-6C9F7C61E44E}"
EndProject
Project("{9A19103F-16F7-4668-BE54-9A1E7A4F7556}") = "LocadoraVeiculos.IntegrationTests", "LocadoraVeiculos.IntegrationTests\LocadoraVeiculos.IntegrationTests.csproj", "{8420F2C7-EF91-4157-8E27-0CC5EBFF1D11}"
EndProject
Project("{2150E333-8FDC-42A3-9474-1A3956D46DE8}") = "4.4 - JSON", "4.4 - JSON", "{59487653-3916-4A60-9AD9-B3C6A5EF07F7}"
EndProject
Project("{9A19103F-16F7-4668-BE54-9A1E7A4F7556}") = "LocadoraVeiculos.Infra.JSON", "LocadoraVeiculos.Infra.Configuration\LocadoraVeiculos.Infra.JSON.csproj", "{8D86ACDB-04B5-4FB9-99C6-304273D3A162}"
EndProject
Project("{9A19103F-16F7-4668-BE54-9A1E7A4F7556}") = "LocadoraVeiculos.Aplicacao.Tests", "LocadoraVeiculos.Aplicacao.Tests\LocadoraVeiculos.Aplicacao.Tests.csproj", "{C99FB390-BD75-4512-AAA6-2831591F1173}"
EndProject
Project("{2150E333-8FDC-42A3-9474-1A3956D46DE8}") = "4.5 - Logs", "4.5 - Logs", "{D362D5DD-23E1-4B0D-A1EF-D83B1B299B3E}"
EndProject
Project("{9A19103F-16F7-4668-BE54-9A1E7A4F7556}") = "LocadoraVeiculos.Infra.Logging", "LocadoraVeiculos.Infra.Logging\LocadoraVeiculos.Infra.Logging.csproj", "{3618A213-F696-415F-9F61-49A1FFB3BABB}"
EndProject
Project("{2150E333-8FDC-42A3-9474-1A3956D46DE8}") = "4.6 - Extension Methods", "4.6 - Extension Methods", "{E02141EA-9335-49B3-B909-2E83F1A8735D}"
EndProject
Project("{9A19103F-16F7-4668-BE54-9A1E7A4F7556}") = "LocadoraVeiculos.Infra.ExtensionMethods", "LocadoraVeiculos.Infra.ExtensionMethods\LocadoraVeiculos.Infra.ExtensionMethods.csproj", "{4E3074A4-2F3F-4F91-ACBD-74720EDFFC2D}"
EndProject
Project("{00D1A9C2-B5F0-4AF3-8072-F6C62B433612}") = "LocadoraVeiculos.Database.SQLServerEntity", "LocadoraVeiculos.Database.SQLServerEntity\LocadoraVeiculos.Database.SQLServerEntity.sqlproj", "{44F8E0E4-9F3C-45EA-B679-7420DA6B9CAE}"
EndProject
Global
	GlobalSection(SolutionConfigurationPlatforms) = preSolution
		Debug|Any CPU = Debug|Any CPU
		Release|Any CPU = Release|Any CPU
	EndGlobalSection
	GlobalSection(ProjectConfigurationPlatforms) = postSolution
		{548F4EF2-E115-47BA-8C4A-53D69BE752B4}.Debug|Any CPU.ActiveCfg = Debug|Any CPU
		{548F4EF2-E115-47BA-8C4A-53D69BE752B4}.Debug|Any CPU.Build.0 = Debug|Any CPU
		{548F4EF2-E115-47BA-8C4A-53D69BE752B4}.Release|Any CPU.ActiveCfg = Release|Any CPU
		{548F4EF2-E115-47BA-8C4A-53D69BE752B4}.Release|Any CPU.Build.0 = Release|Any CPU
		{B323AC1C-0267-480A-8B30-C2355BDECED5}.Debug|Any CPU.ActiveCfg = Debug|Any CPU
		{B323AC1C-0267-480A-8B30-C2355BDECED5}.Debug|Any CPU.Build.0 = Debug|Any CPU
		{B323AC1C-0267-480A-8B30-C2355BDECED5}.Debug|Any CPU.Deploy.0 = Debug|Any CPU
		{B323AC1C-0267-480A-8B30-C2355BDECED5}.Release|Any CPU.ActiveCfg = Release|Any CPU
		{B323AC1C-0267-480A-8B30-C2355BDECED5}.Release|Any CPU.Build.0 = Release|Any CPU
		{B323AC1C-0267-480A-8B30-C2355BDECED5}.Release|Any CPU.Deploy.0 = Release|Any CPU
		{7A27C930-EA12-45DA-8A1E-CA6A357170B0}.Debug|Any CPU.ActiveCfg = Debug|Any CPU
		{7A27C930-EA12-45DA-8A1E-CA6A357170B0}.Debug|Any CPU.Build.0 = Debug|Any CPU
		{7A27C930-EA12-45DA-8A1E-CA6A357170B0}.Release|Any CPU.ActiveCfg = Release|Any CPU
		{7A27C930-EA12-45DA-8A1E-CA6A357170B0}.Release|Any CPU.Build.0 = Release|Any CPU
		{36842379-AEED-4235-A898-4F6EFF70D828}.Debug|Any CPU.ActiveCfg = Debug|Any CPU
		{36842379-AEED-4235-A898-4F6EFF70D828}.Debug|Any CPU.Build.0 = Debug|Any CPU
		{36842379-AEED-4235-A898-4F6EFF70D828}.Release|Any CPU.ActiveCfg = Release|Any CPU
		{36842379-AEED-4235-A898-4F6EFF70D828}.Release|Any CPU.Build.0 = Release|Any CPU
		{0B846BA6-B9F6-4960-A5C7-F18896B98259}.Debug|Any CPU.ActiveCfg = Debug|Any CPU
		{0B846BA6-B9F6-4960-A5C7-F18896B98259}.Debug|Any CPU.Build.0 = Debug|Any CPU
		{0B846BA6-B9F6-4960-A5C7-F18896B98259}.Release|Any CPU.ActiveCfg = Release|Any CPU
		{0B846BA6-B9F6-4960-A5C7-F18896B98259}.Release|Any CPU.Build.0 = Release|Any CPU
		{C8F70CCC-1048-4A1B-AE7B-B71191D059A1}.Debug|Any CPU.ActiveCfg = Debug|Any CPU
		{C8F70CCC-1048-4A1B-AE7B-B71191D059A1}.Debug|Any CPU.Build.0 = Debug|Any CPU
		{C8F70CCC-1048-4A1B-AE7B-B71191D059A1}.Release|Any CPU.ActiveCfg = Release|Any CPU
		{C8F70CCC-1048-4A1B-AE7B-B71191D059A1}.Release|Any CPU.Build.0 = Release|Any CPU
		{D515950B-30B3-444E-B474-217C28A26D83}.Debug|Any CPU.ActiveCfg = Debug|Any CPU
		{D515950B-30B3-444E-B474-217C28A26D83}.Debug|Any CPU.Build.0 = Debug|Any CPU
		{D515950B-30B3-444E-B474-217C28A26D83}.Release|Any CPU.ActiveCfg = Release|Any CPU
		{D515950B-30B3-444E-B474-217C28A26D83}.Release|Any CPU.Build.0 = Release|Any CPU
		{2E208DD9-D731-4CBA-B524-9943627F6C49}.Debug|Any CPU.ActiveCfg = Debug|Any CPU
		{2E208DD9-D731-4CBA-B524-9943627F6C49}.Debug|Any CPU.Build.0 = Debug|Any CPU
		{2E208DD9-D731-4CBA-B524-9943627F6C49}.Release|Any CPU.ActiveCfg = Release|Any CPU
		{2E208DD9-D731-4CBA-B524-9943627F6C49}.Release|Any CPU.Build.0 = Release|Any CPU
		{0DDDB418-E805-4A1E-A0A9-6726FE8AC943}.Debug|Any CPU.ActiveCfg = Debug|Any CPU
		{0DDDB418-E805-4A1E-A0A9-6726FE8AC943}.Debug|Any CPU.Build.0 = Debug|Any CPU
		{0DDDB418-E805-4A1E-A0A9-6726FE8AC943}.Release|Any CPU.ActiveCfg = Release|Any CPU
		{0DDDB418-E805-4A1E-A0A9-6726FE8AC943}.Release|Any CPU.Build.0 = Release|Any CPU
		{B0F522F0-5461-4083-BC10-6C9F7C61E44E}.Debug|Any CPU.ActiveCfg = Debug|Any CPU
		{B0F522F0-5461-4083-BC10-6C9F7C61E44E}.Debug|Any CPU.Build.0 = Debug|Any CPU
		{B0F522F0-5461-4083-BC10-6C9F7C61E44E}.Release|Any CPU.ActiveCfg = Release|Any CPU
		{B0F522F0-5461-4083-BC10-6C9F7C61E44E}.Release|Any CPU.Build.0 = Release|Any CPU
		{8420F2C7-EF91-4157-8E27-0CC5EBFF1D11}.Debug|Any CPU.ActiveCfg = Debug|Any CPU
		{8420F2C7-EF91-4157-8E27-0CC5EBFF1D11}.Debug|Any CPU.Build.0 = Debug|Any CPU
		{8420F2C7-EF91-4157-8E27-0CC5EBFF1D11}.Release|Any CPU.ActiveCfg = Release|Any CPU
		{8420F2C7-EF91-4157-8E27-0CC5EBFF1D11}.Release|Any CPU.Build.0 = Release|Any CPU
		{8D86ACDB-04B5-4FB9-99C6-304273D3A162}.Debug|Any CPU.ActiveCfg = Debug|Any CPU
		{8D86ACDB-04B5-4FB9-99C6-304273D3A162}.Debug|Any CPU.Build.0 = Debug|Any CPU
		{8D86ACDB-04B5-4FB9-99C6-304273D3A162}.Release|Any CPU.ActiveCfg = Release|Any CPU
		{8D86ACDB-04B5-4FB9-99C6-304273D3A162}.Release|Any CPU.Build.0 = Release|Any CPU
		{C99FB390-BD75-4512-AAA6-2831591F1173}.Debug|Any CPU.ActiveCfg = Debug|Any CPU
		{C99FB390-BD75-4512-AAA6-2831591F1173}.Debug|Any CPU.Build.0 = Debug|Any CPU
		{C99FB390-BD75-4512-AAA6-2831591F1173}.Release|Any CPU.ActiveCfg = Release|Any CPU
		{C99FB390-BD75-4512-AAA6-2831591F1173}.Release|Any CPU.Build.0 = Release|Any CPU
		{3618A213-F696-415F-9F61-49A1FFB3BABB}.Debug|Any CPU.ActiveCfg = Debug|Any CPU
		{3618A213-F696-415F-9F61-49A1FFB3BABB}.Debug|Any CPU.Build.0 = Debug|Any CPU
		{3618A213-F696-415F-9F61-49A1FFB3BABB}.Release|Any CPU.ActiveCfg = Release|Any CPU
		{3618A213-F696-415F-9F61-49A1FFB3BABB}.Release|Any CPU.Build.0 = Release|Any CPU
		{4E3074A4-2F3F-4F91-ACBD-74720EDFFC2D}.Debug|Any CPU.ActiveCfg = Debug|Any CPU
		{4E3074A4-2F3F-4F91-ACBD-74720EDFFC2D}.Debug|Any CPU.Build.0 = Debug|Any CPU
		{4E3074A4-2F3F-4F91-ACBD-74720EDFFC2D}.Release|Any CPU.ActiveCfg = Release|Any CPU
		{4E3074A4-2F3F-4F91-ACBD-74720EDFFC2D}.Release|Any CPU.Build.0 = Release|Any CPU
		{44F8E0E4-9F3C-45EA-B679-7420DA6B9CAE}.Debug|Any CPU.ActiveCfg = Debug|Any CPU
		{44F8E0E4-9F3C-45EA-B679-7420DA6B9CAE}.Debug|Any CPU.Build.0 = Debug|Any CPU
		{44F8E0E4-9F3C-45EA-B679-7420DA6B9CAE}.Debug|Any CPU.Deploy.0 = Debug|Any CPU
		{44F8E0E4-9F3C-45EA-B679-7420DA6B9CAE}.Release|Any CPU.ActiveCfg = Release|Any CPU
		{44F8E0E4-9F3C-45EA-B679-7420DA6B9CAE}.Release|Any CPU.Build.0 = Release|Any CPU
		{44F8E0E4-9F3C-45EA-B679-7420DA6B9CAE}.Release|Any CPU.Deploy.0 = Release|Any CPU
	EndGlobalSection
	GlobalSection(SolutionProperties) = preSolution
		HideSolutionNode = FALSE
	EndGlobalSection
	GlobalSection(NestedProjects) = preSolution
		{548F4EF2-E115-47BA-8C4A-53D69BE752B4} = {F41662BE-C6D8-46AC-BA08-6B0289D576DD}
		{B323AC1C-0267-480A-8B30-C2355BDECED5} = {F2994EC2-9873-4336-A539-7099C0E0BDB6}
		{7A27C930-EA12-45DA-8A1E-CA6A357170B0} = {6DB813B3-425A-48BF-90EE-BF85E9CB70E5}
		{F41662BE-C6D8-46AC-BA08-6B0289D576DD} = {18FBCB73-8E48-40CB-871B-7553F21987FD}
		{FE044444-3355-47E2-ADE5-77F2EADD7BD9} = {18FBCB73-8E48-40CB-871B-7553F21987FD}
		{B79FD61E-1A7F-40A7-A2E5-745627C33EBB} = {18FBCB73-8E48-40CB-871B-7553F21987FD}
		{6DB813B3-425A-48BF-90EE-BF85E9CB70E5} = {18FBCB73-8E48-40CB-871B-7553F21987FD}
		{8F3C2B36-6130-447A-AEE9-C8C153381FC0} = {B79FD61E-1A7F-40A7-A2E5-745627C33EBB}
		{36842379-AEED-4235-A898-4F6EFF70D828} = {FE044444-3355-47E2-ADE5-77F2EADD7BD9}
		{F2994EC2-9873-4336-A539-7099C0E0BDB6} = {18FBCB73-8E48-40CB-871B-7553F21987FD}
		{CCF2B167-7631-4DE6-B76F-A3C7F0A1DBF4} = {B79FD61E-1A7F-40A7-A2E5-745627C33EBB}
		{0B846BA6-B9F6-4960-A5C7-F18896B98259} = {CCF2B167-7631-4DE6-B76F-A3C7F0A1DBF4}
		{C8F70CCC-1048-4A1B-AE7B-B71191D059A1} = {8F3C2B36-6130-447A-AEE9-C8C153381FC0}
		{D515950B-30B3-444E-B474-217C28A26D83} = {8F3C2B36-6130-447A-AEE9-C8C153381FC0}
		{E9F76812-E677-44D0-81CD-4FAE8B0D664C} = {B79FD61E-1A7F-40A7-A2E5-745627C33EBB}
		{2E208DD9-D731-4CBA-B524-9943627F6C49} = {E9F76812-E677-44D0-81CD-4FAE8B0D664C}
		{7E05FA31-C291-4265-861F-E3CB3834EFA2} = {5D317F51-94F4-4EFB-8447-4E922987C72B}
		{CD178A3F-6C93-4122-A452-763A1DC407DF} = {5D317F51-94F4-4EFB-8447-4E922987C72B}
		{FCF17715-1AAF-4A08-9AD5-1EFB58856105} = {5D317F51-94F4-4EFB-8447-4E922987C72B}
		{0DDDB418-E805-4A1E-A0A9-6726FE8AC943} = {7E05FA31-C291-4265-861F-E3CB3834EFA2}
		{B0F522F0-5461-4083-BC10-6C9F7C61E44E} = {CD178A3F-6C93-4122-A452-763A1DC407DF}
		{8420F2C7-EF91-4157-8E27-0CC5EBFF1D11} = {FCF17715-1AAF-4A08-9AD5-1EFB58856105}
		{59487653-3916-4A60-9AD9-B3C6A5EF07F7} = {B79FD61E-1A7F-40A7-A2E5-745627C33EBB}
		{8D86ACDB-04B5-4FB9-99C6-304273D3A162} = {59487653-3916-4A60-9AD9-B3C6A5EF07F7}
		{C99FB390-BD75-4512-AAA6-2831591F1173} = {CD178A3F-6C93-4122-A452-763A1DC407DF}
		{D362D5DD-23E1-4B0D-A1EF-D83B1B299B3E} = {B79FD61E-1A7F-40A7-A2E5-745627C33EBB}
		{3618A213-F696-415F-9F61-49A1FFB3BABB} = {D362D5DD-23E1-4B0D-A1EF-D83B1B299B3E}
		{E02141EA-9335-49B3-B909-2E83F1A8735D} = {B79FD61E-1A7F-40A7-A2E5-745627C33EBB}
		{4E3074A4-2F3F-4F91-ACBD-74720EDFFC2D} = {E02141EA-9335-49B3-B909-2E83F1A8735D}
		{44F8E0E4-9F3C-45EA-B679-7420DA6B9CAE} = {F2994EC2-9873-4336-A539-7099C0E0BDB6}
	EndGlobalSection
	GlobalSection(ExtensibilityGlobals) = postSolution
		SolutionGuid = {A8DAF387-4312-4A1E-9DBA-2EE0FEDD6AB0}
	EndGlobalSection
EndGlobal
